
Microsoft Visual Studio Solution File, Format Version 12.00
# Visual Studio Version 17
VisualStudioVersion = 17.9.34723.18
MinimumVisualStudioVersion = 10.0.40219.1
Project("{FAE04EC0-301F-11D3-BF4B-00C04F79EFBC}") = "GD_example", "GD_example\GD_example.csproj", "{88745844-A903-4FB6-9948-DB7CD9BCEB73}"
EndProject
Global
	GlobalSection(SolutionConfigurationPlatforms) = preSolution
		Debug|Any CPU = Debug|Any CPU
		Release|Any CPU = Release|Any CPU
	EndGlobalSection
	GlobalSection(ProjectConfigurationPlatforms) = postSolution
		{88745844-A903-4FB6-9948-DB7CD9BCEB73}.Debug|Any CPU.ActiveCfg = Debug|Any CPU
		{88745844-A903-4FB6-9948-DB7CD9BCEB73}.Debug|Any CPU.Build.0 = Debug|Any CPU
		{88745844-A903-4FB6-9948-DB7CD9BCEB73}.Release|Any CPU.ActiveCfg = Release|Any CPU
		{88745844-A903-4FB6-9948-DB7CD9BCEB73}.Release|Any CPU.Build.0 = Release|Any CPU
	EndGlobalSection
	GlobalSection(SolutionProperties) = preSolution
		HideSolutionNode = FALSE
	EndGlobalSection
	GlobalSection(ExtensibilityGlobals) = postSolution
		SolutionGuid = {CADF465B-3103-4A12-BAFC-5E76806D158E}
	EndGlobalSection
EndGlobal
